
Microsoft Visual Studio Solution File, Format Version 12.00
# Visual Studio Version 16
VisualStudioVersion = 16.0.30225.117
MinimumVisualStudioVersion = 10.0.40219.1
Project("{FAE04EC0-301F-11D3-BF4B-00C04F79EFBC}") = "HRM.Rest.Services", "HRM.Rest.Services\HRM.Rest.Services.csproj", "{67DCCE6A-6AF9-4D5B-96D5-3D56092C57D6}"
EndProject
Global
	GlobalSection(SolutionConfigurationPlatforms) = preSolution
		Debug|Any CPU = Debug|Any CPU
		Release|Any CPU = Release|Any CPU
	EndGlobalSection
	GlobalSection(ProjectConfigurationPlatforms) = postSolution
		{67DCCE6A-6AF9-4D5B-96D5-3D56092C57D6}.Debug|Any CPU.ActiveCfg = Debug|Any CPU
		{67DCCE6A-6AF9-4D5B-96D5-3D56092C57D6}.Debug|Any CPU.Build.0 = Debug|Any CPU
		{67DCCE6A-6AF9-4D5B-96D5-3D56092C57D6}.Release|Any CPU.ActiveCfg = Release|Any CPU
		{67DCCE6A-6AF9-4D5B-96D5-3D56092C57D6}.Release|Any CPU.Build.0 = Release|Any CPU
	EndGlobalSection
	GlobalSection(SolutionProperties) = preSolution
		HideSolutionNode = FALSE
	EndGlobalSection
	GlobalSection(ExtensibilityGlobals) = postSolution
		SolutionGuid = {3CB9C989-15F4-467A-8C52-BE90163F75DA}
	EndGlobalSection
EndGlobal
